
Microsoft Visual Studio Solution File, Format Version 12.00
# Visual Studio Version 17
VisualStudioVersion = 17.3.32929.385
MinimumVisualStudioVersion = 10.0.40219.1
Project("{FAE04EC0-301F-11D3-BF4B-00C04F79EFBC}") = "PokemonReviewApp", "PokemonReviewApp\PokemonReviewApp.csproj", "{387E2FBF-8A01-4FC8-92F3-87BF4227C40F}"
EndProject
Global
	GlobalSection(SolutionConfigurationPlatforms) = preSolution
		Debug|Any CPU = Debug|Any CPU
		Release|Any CPU = Release|Any CPU
	EndGlobalSection
	GlobalSection(ProjectConfigurationPlatforms) = postSolution
		{387E2FBF-8A01-4FC8-92F3-87BF4227C40F}.Debug|Any CPU.ActiveCfg = Debug|Any CPU
		{387E2FBF-8A01-4FC8-92F3-87BF4227C40F}.Debug|Any CPU.Build.0 = Debug|Any CPU
		{387E2FBF-8A01-4FC8-92F3-87BF4227C40F}.Release|Any CPU.ActiveCfg = Release|Any CPU
		{387E2FBF-8A01-4FC8-92F3-87BF4227C40F}.Release|Any CPU.Build.0 = Release|Any CPU
	EndGlobalSection
	GlobalSection(SolutionProperties) = preSolution
		HideSolutionNode = FALSE
	EndGlobalSection
	GlobalSection(ExtensibilityGlobals) = postSolution
		SolutionGuid = {1A84E6DD-9592-49CF-AA61-9FAC1974AA77}
	EndGlobalSection
EndGlobal
